
Microsoft Visual Studio Solution File, Format Version 12.00
# Visual Studio Version 17
VisualStudioVersion = 17.1.32210.238
MinimumVisualStudioVersion = 10.0.40219.1
Project("{9A19103F-16F7-4668-BE54-9A1E7A4F7556}") = "CustomerApi", "CustomerApi\CustomerApi.csproj", "{D3A9EF1B-95D2-40DD-9C82-A76E2629D502}"
EndProject
Project("{9A19103F-16F7-4668-BE54-9A1E7A4F7556}") = "ProductApi", "ProductApi\ProductApi.csproj", "{16515CDB-5EF6-4CAA-8766-2A72924E0B65}"
EndProject
Project("{9A19103F-16F7-4668-BE54-9A1E7A4F7556}") = "OrderApi", "OrderApi\OrderApi.csproj", "{C8BDE2C2-6844-4AE2-84C7-E81D6B248662}"
EndProject
Project("{9A19103F-16F7-4668-BE54-9A1E7A4F7556}") = "Core", "Core\Core.csproj", "{5420419D-4D0A-4A50-8C09-075728A13F70}"
EndProject
Project("{FAE04EC0-301F-11D3-BF4B-00C04F79EFBC}") = "ApiGateway", "ApiGateway\ApiGateway.csproj", "{464FCABE-440C-49BF-8B37-3DA2BB8DFDCA}"
EndProject
Global
	GlobalSection(SolutionConfigurationPlatforms) = preSolution
		Debug|Any CPU = Debug|Any CPU
		Release|Any CPU = Release|Any CPU
	EndGlobalSection
	GlobalSection(ProjectConfigurationPlatforms) = postSolution
		{D3A9EF1B-95D2-40DD-9C82-A76E2629D502}.Debug|Any CPU.ActiveCfg = Debug|Any CPU
		{D3A9EF1B-95D2-40DD-9C82-A76E2629D502}.Debug|Any CPU.Build.0 = Debug|Any CPU
		{D3A9EF1B-95D2-40DD-9C82-A76E2629D502}.Release|Any CPU.ActiveCfg = Release|Any CPU
		{D3A9EF1B-95D2-40DD-9C82-A76E2629D502}.Release|Any CPU.Build.0 = Release|Any CPU
		{16515CDB-5EF6-4CAA-8766-2A72924E0B65}.Debug|Any CPU.ActiveCfg = Debug|Any CPU
		{16515CDB-5EF6-4CAA-8766-2A72924E0B65}.Debug|Any CPU.Build.0 = Debug|Any CPU
		{16515CDB-5EF6-4CAA-8766-2A72924E0B65}.Release|Any CPU.ActiveCfg = Release|Any CPU
		{16515CDB-5EF6-4CAA-8766-2A72924E0B65}.Release|Any CPU.Build.0 = Release|Any CPU
		{C8BDE2C2-6844-4AE2-84C7-E81D6B248662}.Debug|Any CPU.ActiveCfg = Debug|Any CPU
		{C8BDE2C2-6844-4AE2-84C7-E81D6B248662}.Debug|Any CPU.Build.0 = Debug|Any CPU
		{C8BDE2C2-6844-4AE2-84C7-E81D6B248662}.Release|Any CPU.ActiveCfg = Release|Any CPU
		{C8BDE2C2-6844-4AE2-84C7-E81D6B248662}.Release|Any CPU.Build.0 = Release|Any CPU
		{5420419D-4D0A-4A50-8C09-075728A13F70}.Debug|Any CPU.ActiveCfg = Debug|Any CPU
		{5420419D-4D0A-4A50-8C09-075728A13F70}.Debug|Any CPU.Build.0 = Debug|Any CPU
		{5420419D-4D0A-4A50-8C09-075728A13F70}.Release|Any CPU.ActiveCfg = Release|Any CPU
		{5420419D-4D0A-4A50-8C09-075728A13F70}.Release|Any CPU.Build.0 = Release|Any CPU
		{464FCABE-440C-49BF-8B37-3DA2BB8DFDCA}.Debug|Any CPU.ActiveCfg = Debug|Any CPU
		{464FCABE-440C-49BF-8B37-3DA2BB8DFDCA}.Debug|Any CPU.Build.0 = Debug|Any CPU
		{464FCABE-440C-49BF-8B37-3DA2BB8DFDCA}.Release|Any CPU.ActiveCfg = Release|Any CPU
		{464FCABE-440C-49BF-8B37-3DA2BB8DFDCA}.Release|Any CPU.Build.0 = Release|Any CPU
	EndGlobalSection
	GlobalSection(SolutionProperties) = preSolution
		HideSolutionNode = FALSE
	EndGlobalSection
	GlobalSection(ExtensibilityGlobals) = postSolution
		SolutionGuid = {B760A95F-FB5F-4DB4-8BC7-C55414CA0C1A}
	EndGlobalSection
EndGlobal
